
Microsoft Visual Studio Solution File, Format Version 12.00
# Visual Studio Version 17
VisualStudioVersion = 17.12.35707.178
MinimumVisualStudioVersion = 10.0.40219.1
Project("{8BC9CEB8-8B4A-11D0-8D11-00A0C91BC942}") = "virtual_keyboard", "virtual_keyboard\virtual_keyboard.vcxproj", "{E1163063-1506-4D73-84F9-AFAA30FA4FB2}"
EndProject
Project("{8BC9CEB8-8B4A-11D0-8D11-00A0C91BC942}") = "d3d9_loader", "d3d9_loader\d3d9_loader.vcxproj", "{DC9E4D02-D3B9-4E28-9E15-975707CCFC58}"
EndProject
Project("{8BC9CEB8-8B4A-11D0-8D11-00A0C91BC942}") = "shared_utils", "shared_utils\shared_utils.vcxproj", "{57D43641-CF59-40E3-9C27-60CA021F406E}"
EndProject
Global
	GlobalSection(SolutionConfigurationPlatforms) = preSolution
		Debug|x86 = Debug|x86
		Release|x86 = Release|x86
	EndGlobalSection
	GlobalSection(ProjectConfigurationPlatforms) = postSolution
		{E1163063-1506-4D73-84F9-AFAA30FA4FB2}.Debug|x86.ActiveCfg = Debug|Win32
		{E1163063-1506-4D73-84F9-AFAA30FA4FB2}.Debug|x86.Build.0 = Debug|Win32
		{E1163063-1506-4D73-84F9-AFAA30FA4FB2}.Release|x86.ActiveCfg = Release|Win32
		{E1163063-1506-4D73-84F9-AFAA30FA4FB2}.Release|x86.Build.0 = Release|Win32
		{DC9E4D02-D3B9-4E28-9E15-975707CCFC58}.Debug|x86.ActiveCfg = Debug|Win32
		{DC9E4D02-D3B9-4E28-9E15-975707CCFC58}.Debug|x86.Build.0 = Debug|Win32
		{DC9E4D02-D3B9-4E28-9E15-975707CCFC58}.Release|x86.ActiveCfg = Release|Win32
		{DC9E4D02-D3B9-4E28-9E15-975707CCFC58}.Release|x86.Build.0 = Release|Win32
		{57D43641-CF59-40E3-9C27-60CA021F406E}.Debug|x86.ActiveCfg = Debug|Win32
		{57D43641-CF59-40E3-9C27-60CA021F406E}.Debug|x86.Build.0 = Debug|Win32
		{57D43641-CF59-40E3-9C27-60CA021F406E}.Release|x86.ActiveCfg = Release|Win32
		{57D43641-CF59-40E3-9C27-60CA021F406E}.Release|x86.Build.0 = Release|Win32
	EndGlobalSection
	GlobalSection(SolutionProperties) = preSolution
		HideSolutionNode = FALSE
	EndGlobalSection
EndGlobal
